bou.ke/monkey v1.0.1 h1:zEMLInw9xvNakzUUPjfS4Ds6jYPqCFx3m7bRmG5NH2U=
bou.ke/monkey v1.0.1/go.mod h1:FgHuK96Rv2Nlf+0u1OOVDpCMdsWyOFmeeketDHE7LIg=
github.com/fsnotify/fsnotify v1.4.7 h1:IXs+QLmnXW2CcXuY+8Mzv/fWEsPGWxqefPtCP5CnV9I=
github.com/fsnotify/fsnotify v1.4.7/go.mod h1:jwhsz4b93w/PPRr/qN1Yymfu8t87LnFCMoQvtojpjFo=
github.com/otiai10/copy v1.0.1 h1:gtBjD8aq4nychvRZ2CyJvFWAw0aja+VHazDdruZKGZA=
github.com/otiai10/copy v1.0.1/go.mod h1:8bMCJrAqOtN/d9oyh5HR7HhLQMvcGMpGdwRDYsfOCHc=
github.com/otiai10/mint v1.2.3 h1:PsrRBmrxR68kyNu6YlqYHbNlItc5vOkuS6LBEsNttVA=
github.com/otiai10/mint v1.2.3/go.mod h1:YnfyPNhBvnY8bW4SGQHCs/aAFhkgySlMZbrF5U0bOVw=
golang.org/x/sys v0.0.0-20190730183949-1393eb018365 h1:SaXEMXhWzMJThc05vu6uh61Q245r4KaWMrsTedk0FDc=
golang.org/x/sys v0.0.0-20190730183949-1393eb018365/go.mod h1:h1NjWce9XRLGQEsW7wpKNCjG9DtNlClVuFLEZdDNbEs=
